
Microsoft Visual Studio Solution File, Format Version 10.00
# Visual Studio 2008
Project("{8BC9CEB8-8B4A-11D0-8D11-00A0C91BC942}") = "Matedit2", "MatEdit2\Matedit2.vcproj", "{DFDC6382-ADA6-403D-8E07-620ECAB0DFAA}"
	ProjectSection(ProjectDependencies) = postProject
		{41CA1658-8DB5-49CF-89D8-22E84184BEB5} = {41CA1658-8DB5-49CF-89D8-22E84184BEB5}
		{52686562-1629-4288-9E76-E9A1313D7235} = {52686562-1629-4288-9E76-E9A1313D7235}
		{8D871BA3-F337-4FB7-99AF-525685D5D52B} = {8D871BA3-F337-4FB7-99AF-525685D5D52B}
		{69F2DFB8-DEDF-45EF-8681-BAC9C1DE415A} = {69F2DFB8-DEDF-45EF-8681-BAC9C1DE415A}
	EndProjectSection
EndProject
Project("{8BC9CEB8-8B4A-11D0-8D11-00A0C91BC942}") = "Depui", "Depui\Depui.vcproj", "{69F2DFB8-DEDF-45EF-8681-BAC9C1DE415A}"
	ProjectSection(ProjectDependencies) = postProject
		{8D871BA3-F337-4FB7-99AF-525685D5D52B} = {8D871BA3-F337-4FB7-99AF-525685D5D52B}
	EndProjectSection
EndProject
Project("{8BC9CEB8-8B4A-11D0-8D11-00A0C91BC942}") = "scene", "Scene\scenelib.vcproj", "{52686562-1629-4288-9E76-E9A1313D7235}"
	ProjectSection(ProjectDependencies) = postProject
		{8D871BA3-F337-4FB7-99AF-525685D5D52B} = {8D871BA3-F337-4FB7-99AF-525685D5D52B}
		{69F2DFB8-DEDF-45EF-8681-BAC9C1DE415A} = {69F2DFB8-DEDF-45EF-8681-BAC9C1DE415A}
	EndProjectSection
EndProject
Project("{8BC9CEB8-8B4A-11D0-8D11-00A0C91BC942}") = "plush", "plush\plush.vcproj", "{41CA1658-8DB5-49CF-89D8-22E84184BEB5}"
EndProject
Project("{8BC9CEB8-8B4A-11D0-8D11-00A0C91BC942}") = "plushplr", "PlushPlayer\plushplr.vcproj", "{261EE964-A73A-4E1E-991C-0AD44AF7B09C}"
	ProjectSection(ProjectDependencies) = postProject
		{41CA1658-8DB5-49CF-89D8-22E84184BEB5} = {41CA1658-8DB5-49CF-89D8-22E84184BEB5}
		{52686562-1629-4288-9E76-E9A1313D7235} = {52686562-1629-4288-9E76-E9A1313D7235}
		{8D871BA3-F337-4FB7-99AF-525685D5D52B} = {8D871BA3-F337-4FB7-99AF-525685D5D52B}
		{69F2DFB8-DEDF-45EF-8681-BAC9C1DE415A} = {69F2DFB8-DEDF-45EF-8681-BAC9C1DE415A}
	EndProjectSection
EndProject
Project("{8BC9CEB8-8B4A-11D0-8D11-00A0C91BC942}") = "grx248", "contrib\grx248\grx243.vcproj", "{8D871BA3-F337-4FB7-99AF-525685D5D52B}"
EndProject
Global
	GlobalSection(SolutionConfigurationPlatforms) = preSolution
		Debug|Win32 = Debug|Win32
		Release|Win32 = Release|Win32
	EndGlobalSection
	GlobalSection(ProjectConfigurationPlatforms) = postSolution
		{DFDC6382-ADA6-403D-8E07-620ECAB0DFAA}.Debug|Win32.ActiveCfg = Debug|Win32
		{DFDC6382-ADA6-403D-8E07-620ECAB0DFAA}.Debug|Win32.Build.0 = Debug|Win32
		{DFDC6382-ADA6-403D-8E07-620ECAB0DFAA}.Release|Win32.ActiveCfg = Release|Win32
		{DFDC6382-ADA6-403D-8E07-620ECAB0DFAA}.Release|Win32.Build.0 = Release|Win32
		{69F2DFB8-DEDF-45EF-8681-BAC9C1DE415A}.Debug|Win32.ActiveCfg = Debug|Win32
		{69F2DFB8-DEDF-45EF-8681-BAC9C1DE415A}.Debug|Win32.Build.0 = Debug|Win32
		{69F2DFB8-DEDF-45EF-8681-BAC9C1DE415A}.Release|Win32.ActiveCfg = Release|Win32
		{69F2DFB8-DEDF-45EF-8681-BAC9C1DE415A}.Release|Win32.Build.0 = Release|Win32
		{52686562-1629-4288-9E76-E9A1313D7235}.Debug|Win32.ActiveCfg = Debug|Win32
		{52686562-1629-4288-9E76-E9A1313D7235}.Debug|Win32.Build.0 = Debug|Win32
		{52686562-1629-4288-9E76-E9A1313D7235}.Release|Win32.ActiveCfg = Release|Win32
		{52686562-1629-4288-9E76-E9A1313D7235}.Release|Win32.Build.0 = Release|Win32
		{41CA1658-8DB5-49CF-89D8-22E84184BEB5}.Debug|Win32.ActiveCfg = Debug|Win32
		{41CA1658-8DB5-49CF-89D8-22E84184BEB5}.Debug|Win32.Build.0 = Debug|Win32
		{41CA1658-8DB5-49CF-89D8-22E84184BEB5}.Release|Win32.ActiveCfg = Release|Win32
		{41CA1658-8DB5-49CF-89D8-22E84184BEB5}.Release|Win32.Build.0 = Release|Win32
		{261EE964-A73A-4E1E-991C-0AD44AF7B09C}.Debug|Win32.ActiveCfg = Debug|Win32
		{261EE964-A73A-4E1E-991C-0AD44AF7B09C}.Debug|Win32.Build.0 = Debug|Win32
		{261EE964-A73A-4E1E-991C-0AD44AF7B09C}.Release|Win32.ActiveCfg = Release|Win32
		{261EE964-A73A-4E1E-991C-0AD44AF7B09C}.Release|Win32.Build.0 = Release|Win32
		{8D871BA3-F337-4FB7-99AF-525685D5D52B}.Debug|Win32.ActiveCfg = Debug|Win32
		{8D871BA3-F337-4FB7-99AF-525685D5D52B}.Debug|Win32.Build.0 = Debug|Win32
		{8D871BA3-F337-4FB7-99AF-525685D5D52B}.Release|Win32.ActiveCfg = Release|Win32
		{8D871BA3-F337-4FB7-99AF-525685D5D52B}.Release|Win32.Build.0 = Release|Win32
	EndGlobalSection
	GlobalSection(SolutionProperties) = preSolution
		HideSolutionNode = FALSE
	EndGlobalSection
EndGlobal
