
Microsoft Visual Studio Solution File, Format Version 12.00
# Visual Studio Version 17
VisualStudioVersion = 17.11.35303.130
MinimumVisualStudioVersion = 10.0.40219.1
Project("{8BC9CEB8-8B4A-11D0-8D11-00A0C91BC942}") = "Matedit2", "MatEdit2\Matedit2.vcxproj", "{DFDC6382-ADA6-403D-8E07-620ECAB0DFAA}"
EndProject
Project("{8BC9CEB8-8B4A-11D0-8D11-00A0C91BC942}") = "Depui", "Depui\Depui.vcxproj", "{69F2DFB8-DEDF-45EF-8681-BAC9C1DE415A}"
EndProject
Project("{8BC9CEB8-8B4A-11D0-8D11-00A0C91BC942}") = "scene", "Scene\scenelib.vcxproj", "{52686562-1629-4288-9E76-E9A1313D7235}"
EndProject
Project("{8BC9CEB8-8B4A-11D0-8D11-00A0C91BC942}") = "plush", "plush\plush.vcxproj", "{41CA1658-8DB5-49CF-89D8-22E84184BEB5}"
EndProject
Project("{8BC9CEB8-8B4A-11D0-8D11-00A0C91BC942}") = "plushplr", "PlushPlayer\plushplr.vcxproj", "{261EE964-A73A-4E1E-991C-0AD44AF7B09C}"
EndProject
Project("{8BC9CEB8-8B4A-11D0-8D11-00A0C91BC942}") = "EXAMPLES", "Depui\EXAMPLES.vcxproj", "{CBEE8FCD-5C69-4932-BC94-749145194299}"
EndProject
Project("{8BC9CEB8-8B4A-11D0-8D11-00A0C91BC942}") = "grx20", "contrib\grx248\grx20.vcxproj", "{60573D6F-6DD0-4EBF-8124-F8E04DCDCB30}"
EndProject
Global
	GlobalSection(SolutionConfigurationPlatforms) = preSolution
		Debug|Win32 = Debug|Win32
		Debug|x64 = Debug|x64
		Release|Win32 = Release|Win32
		Release|x64 = Release|x64
	EndGlobalSection
	GlobalSection(ProjectConfigurationPlatforms) = postSolution
		{DFDC6382-ADA6-403D-8E07-620ECAB0DFAA}.Debug|Win32.ActiveCfg = Debug|Win32
		{DFDC6382-ADA6-403D-8E07-620ECAB0DFAA}.Debug|Win32.Build.0 = Debug|Win32
		{DFDC6382-ADA6-403D-8E07-620ECAB0DFAA}.Debug|x64.ActiveCfg = Debug|Win32
		{DFDC6382-ADA6-403D-8E07-620ECAB0DFAA}.Debug|x64.Build.0 = Debug|Win32
		{DFDC6382-ADA6-403D-8E07-620ECAB0DFAA}.Release|Win32.ActiveCfg = Release|Win32
		{DFDC6382-ADA6-403D-8E07-620ECAB0DFAA}.Release|Win32.Build.0 = Release|Win32
		{DFDC6382-ADA6-403D-8E07-620ECAB0DFAA}.Release|x64.ActiveCfg = Release|Win32
		{DFDC6382-ADA6-403D-8E07-620ECAB0DFAA}.Release|x64.Build.0 = Release|Win32
		{69F2DFB8-DEDF-45EF-8681-BAC9C1DE415A}.Debug|Win32.ActiveCfg = Debug|Win32
		{69F2DFB8-DEDF-45EF-8681-BAC9C1DE415A}.Debug|Win32.Build.0 = Debug|Win32
		{69F2DFB8-DEDF-45EF-8681-BAC9C1DE415A}.Debug|x64.ActiveCfg = Debug|Win32
		{69F2DFB8-DEDF-45EF-8681-BAC9C1DE415A}.Debug|x64.Build.0 = Debug|Win32
		{69F2DFB8-DEDF-45EF-8681-BAC9C1DE415A}.Release|Win32.ActiveCfg = Release|Win32
		{69F2DFB8-DEDF-45EF-8681-BAC9C1DE415A}.Release|Win32.Build.0 = Release|Win32
		{69F2DFB8-DEDF-45EF-8681-BAC9C1DE415A}.Release|x64.ActiveCfg = Release|Win32
		{69F2DFB8-DEDF-45EF-8681-BAC9C1DE415A}.Release|x64.Build.0 = Release|Win32
		{52686562-1629-4288-9E76-E9A1313D7235}.Debug|Win32.ActiveCfg = Debug|Win32
		{52686562-1629-4288-9E76-E9A1313D7235}.Debug|Win32.Build.0 = Debug|Win32
		{52686562-1629-4288-9E76-E9A1313D7235}.Debug|x64.ActiveCfg = Debug|Win32
		{52686562-1629-4288-9E76-E9A1313D7235}.Debug|x64.Build.0 = Debug|Win32
		{52686562-1629-4288-9E76-E9A1313D7235}.Release|Win32.ActiveCfg = Release|Win32
		{52686562-1629-4288-9E76-E9A1313D7235}.Release|Win32.Build.0 = Release|Win32
		{52686562-1629-4288-9E76-E9A1313D7235}.Release|x64.ActiveCfg = Release|Win32
		{52686562-1629-4288-9E76-E9A1313D7235}.Release|x64.Build.0 = Release|Win32
		{41CA1658-8DB5-49CF-89D8-22E84184BEB5}.Debug|Win32.ActiveCfg = Debug|Win32
		{41CA1658-8DB5-49CF-89D8-22E84184BEB5}.Debug|Win32.Build.0 = Debug|Win32
		{41CA1658-8DB5-49CF-89D8-22E84184BEB5}.Debug|x64.ActiveCfg = Debug|Win32
		{41CA1658-8DB5-49CF-89D8-22E84184BEB5}.Debug|x64.Build.0 = Debug|Win32
		{41CA1658-8DB5-49CF-89D8-22E84184BEB5}.Release|Win32.ActiveCfg = Release|Win32
		{41CA1658-8DB5-49CF-89D8-22E84184BEB5}.Release|Win32.Build.0 = Release|Win32
		{41CA1658-8DB5-49CF-89D8-22E84184BEB5}.Release|x64.ActiveCfg = Release|Win32
		{41CA1658-8DB5-49CF-89D8-22E84184BEB5}.Release|x64.Build.0 = Release|Win32
		{261EE964-A73A-4E1E-991C-0AD44AF7B09C}.Debug|Win32.ActiveCfg = Debug|Win32
		{261EE964-A73A-4E1E-991C-0AD44AF7B09C}.Debug|Win32.Build.0 = Debug|Win32
		{261EE964-A73A-4E1E-991C-0AD44AF7B09C}.Debug|x64.ActiveCfg = Debug|Win32
		{261EE964-A73A-4E1E-991C-0AD44AF7B09C}.Debug|x64.Build.0 = Debug|Win32
		{261EE964-A73A-4E1E-991C-0AD44AF7B09C}.Release|Win32.ActiveCfg = Release|Win32
		{261EE964-A73A-4E1E-991C-0AD44AF7B09C}.Release|Win32.Build.0 = Release|Win32
		{261EE964-A73A-4E1E-991C-0AD44AF7B09C}.Release|x64.ActiveCfg = Release|Win32
		{261EE964-A73A-4E1E-991C-0AD44AF7B09C}.Release|x64.Build.0 = Release|Win32
		{CBEE8FCD-5C69-4932-BC94-749145194299}.Debug|Win32.ActiveCfg = Debug|Win32
		{CBEE8FCD-5C69-4932-BC94-749145194299}.Debug|Win32.Build.0 = Debug|Win32
		{CBEE8FCD-5C69-4932-BC94-749145194299}.Debug|x64.ActiveCfg = Debug|Win32
		{CBEE8FCD-5C69-4932-BC94-749145194299}.Debug|x64.Build.0 = Debug|Win32
		{CBEE8FCD-5C69-4932-BC94-749145194299}.Release|Win32.ActiveCfg = Release|Win32
		{CBEE8FCD-5C69-4932-BC94-749145194299}.Release|Win32.Build.0 = Release|Win32
		{CBEE8FCD-5C69-4932-BC94-749145194299}.Release|x64.ActiveCfg = Release|Win32
		{CBEE8FCD-5C69-4932-BC94-749145194299}.Release|x64.Build.0 = Release|Win32
		{60573D6F-6DD0-4EBF-8124-F8E04DCDCB30}.Debug|Win32.ActiveCfg = Debug|Win32
		{60573D6F-6DD0-4EBF-8124-F8E04DCDCB30}.Debug|Win32.Build.0 = Debug|Win32
		{60573D6F-6DD0-4EBF-8124-F8E04DCDCB30}.Debug|x64.ActiveCfg = Debug|Win32
		{60573D6F-6DD0-4EBF-8124-F8E04DCDCB30}.Debug|x64.Build.0 = Debug|Win32
		{60573D6F-6DD0-4EBF-8124-F8E04DCDCB30}.Release|Win32.ActiveCfg = Release|Win32
		{60573D6F-6DD0-4EBF-8124-F8E04DCDCB30}.Release|Win32.Build.0 = Release|Win32
		{60573D6F-6DD0-4EBF-8124-F8E04DCDCB30}.Release|x64.ActiveCfg = Release|Win32
		{60573D6F-6DD0-4EBF-8124-F8E04DCDCB30}.Release|x64.Build.0 = Release|Win32
	EndGlobalSection
	GlobalSection(SolutionProperties) = preSolution
		HideSolutionNode = FALSE
	EndGlobalSection
	GlobalSection(ExtensibilityGlobals) = postSolution
		SolutionGuid = {842874E2-CA7D-403F-A251-937D626A5F9A}
	EndGlobalSection
EndGlobal
