Microsoft Visual Studio Solution File, Format Version 7.00
Project("{8BC9CEB8-8B4A-11D0-8D11-00A0C91BC942}") = "grx243", "grx243.vcproj", "{2EA90655-1498-4D8D-AFC3-82EA7EE13DE4}"
EndProject
Global
	GlobalSection(SolutionConfiguration) = preSolution
		ConfigName.0 = Debug
		ConfigName.1 = Release
	EndGlobalSection
	GlobalSection(ProjectDependencies) = postSolution
	EndGlobalSection
	GlobalSection(ProjectConfiguration) = postSolution
		{2EA90655-1498-4D8D-AFC3-82EA7EE13DE4}.Debug.ActiveCfg = Debug|Win32
		{2EA90655-1498-4D8D-AFC3-82EA7EE13DE4}.Debug.Build.0 = Debug|Win32
		{2EA90655-1498-4D8D-AFC3-82EA7EE13DE4}.Release.ActiveCfg = Release|Win32
		{2EA90655-1498-4D8D-AFC3-82EA7EE13DE4}.Release.Build.0 = Release|Win32
	EndGlobalSection
	GlobalSection(ExtensibilityGlobals) = postSolution
	EndGlobalSection
	GlobalSection(ExtensibilityAddIns) = postSolution
	EndGlobalSection
EndGlobal
